
Microsoft Visual Studio Solution File, Format Version 12.00
# Visual Studio Version 17
VisualStudioVersion = 17.0.31521.260
MinimumVisualStudioVersion = 10.0.40219.1
Project("{FAE04EC0-301F-11D3-BF4B-00C04F79EFBC}") = "IyzicoPay", "IyzicoPay\IyzicoPay.csproj", "{C1487D85-662A-4EB1-A7BA-07FE10D2CAFC}"
EndProject
Global
	GlobalSection(SolutionConfigurationPlatforms) = preSolution
		Debug|Any CPU = Debug|Any CPU
		Release|Any CPU = Release|Any CPU
	EndGlobalSection
	GlobalSection(ProjectConfigurationPlatforms) = postSolution
		{C1487D85-662A-4EB1-A7BA-07FE10D2CAFC}.Debug|Any CPU.ActiveCfg = Debug|Any CPU
		{C1487D85-662A-4EB1-A7BA-07FE10D2CAFC}.Debug|Any CPU.Build.0 = Debug|Any CPU
		{C1487D85-662A-4EB1-A7BA-07FE10D2CAFC}.Release|Any CPU.ActiveCfg = Release|Any CPU
		{C1487D85-662A-4EB1-A7BA-07FE10D2CAFC}.Release|Any CPU.Build.0 = Release|Any CPU
	EndGlobalSection
	GlobalSection(SolutionProperties) = preSolution
		HideSolutionNode = FALSE
	EndGlobalSection
	GlobalSection(ExtensibilityGlobals) = postSolution
		SolutionGuid = {F0E53EDD-1890-461A-AFC6-2F719B7E08DF}
	EndGlobalSection
EndGlobal
